
Microsoft Visual Studio Solution File, Format Version 12.00
# Visual Studio Version 17
VisualStudioVersion = 17.13.35828.75
MinimumVisualStudioVersion = 10.0.40219.1
Project("{2150E333-8FDC-42A3-9474-1A3956D46DE8}") = "Services", "Services", "{02EA681E-C7D8-13C7-8484-4AC65E1B71E8}"
EndProject
Project("{2150E333-8FDC-42A3-9474-1A3956D46DE8}") = "Catalog", "Catalog", "{018DD4DC-4846-448D-9DBC-1234F4069C93}"
EndProject
Project("{FAE04EC0-301F-11D3-BF4B-00C04F79EFBC}") = "Catalog.API", "Services\Catalog\Catalog.API\Catalog.API.csproj", "{45BEBA6D-E33D-4BA5-B6DC-4457F02CDC89}"
EndProject
Project("{2150E333-8FDC-42A3-9474-1A3956D46DE8}") = "BuildingBlocks", "BuildingBlocks", "{F55C2D96-FC0E-4ADE-A65F-E9A48D5B750D}"
EndProject
Project("{FAE04EC0-301F-11D3-BF4B-00C04F79EFBC}") = "BuildingBlocks", "BuildingBlocks\BuildingBlocks\BuildingBlocks.csproj", "{FB35CAE1-E7B1-45DA-B945-243535156FB0}"
EndProject
Project("{E53339B2-1760-4266-BCC7-CA923CBCF16C}") = "docker-compose", "docker-compose.dcproj", "{81DDED9D-158B-E303-5F62-77A2896D2A5A}"
EndProject
Project("{2150E333-8FDC-42A3-9474-1A3956D46DE8}") = "Basket", "Basket", "{A7BCBAC6-676D-4F04-B0CE-A1E861F37968}"
EndProject
Project("{FAE04EC0-301F-11D3-BF4B-00C04F79EFBC}") = "Basket.API", "Services\Basket\Basket.API\Basket.API.csproj", "{A08B14E0-E58C-4CD5-9E06-D001A5A19960}"
EndProject
Project("{2150E333-8FDC-42A3-9474-1A3956D46DE8}") = "Discount", "Discount", "{221A7747-1F28-4560-837C-AF5E14959E04}"
EndProject
Project("{FAE04EC0-301F-11D3-BF4B-00C04F79EFBC}") = "Discount.Grpc", "Services\Discount\Discount.Grpc\Discount.Grpc.csproj", "{812D7F3D-C105-4E18-91EE-7BE50ADB8556}"
EndProject
Project("{2150E333-8FDC-42A3-9474-1A3956D46DE8}") = "Ordering", "Ordering", "{F8B01D7A-C386-4427-85E1-1199C293831A}"
EndProject
Project("{FAE04EC0-301F-11D3-BF4B-00C04F79EFBC}") = "Ordering.API", "Services\Ordering\Ordering.API\Ordering.API.csproj", "{5C61267D-DA53-475B-A6A5-02C1E270185B}"
EndProject
Project("{FAE04EC0-301F-11D3-BF4B-00C04F79EFBC}") = "Ordering.Domain", "Services\Ordering\Ordering.Domain\Ordering.Domain.csproj", "{D4C20358-0C88-4D9F-80A8-16A0B84199AF}"
EndProject
Project("{FAE04EC0-301F-11D3-BF4B-00C04F79EFBC}") = "Ordering.Application", "Services\Ordering\Ordering.Application\Ordering.Application.csproj", "{7A587FCE-491E-448E-90BA-FDB72B125368}"
EndProject
Project("{FAE04EC0-301F-11D3-BF4B-00C04F79EFBC}") = "Ordering.Infrastructure", "Services\Ordering\Ordering.Infrastructure\Ordering.Infrastructure.csproj", "{52EE93FD-6E86-4B8E-97F0-4ED14FE06CA5}"
EndProject
Project("{FAE04EC0-301F-11D3-BF4B-00C04F79EFBC}") = "BuildingBlocks.Messaging", "BuildingBlocks\BuildingBlocks.Messaging\BuildingBlocks.Messaging.csproj", "{9F937CB7-CF54-4F81-BD2F-9FB93EF0B164}"
EndProject
Project("{2150E333-8FDC-42A3-9474-1A3956D46DE8}") = "ApiGateways", "ApiGateways", "{55DD6585-2BCF-453F-825C-286CB111B52D}"
EndProject
Project("{FAE04EC0-301F-11D3-BF4B-00C04F79EFBC}") = "YarpApiGateway", "ApiGateways\YarpApiGateway\YarpApiGateway.csproj", "{A0A4A29E-E3F1-431E-9BBC-22A1464DE67C}"
EndProject
Project("{2150E333-8FDC-42A3-9474-1A3956D46DE8}") = "WebApps", "WebApps", "{9F3565CB-9309-4D36-9748-A188AD19E7C6}"
EndProject
Project("{FAE04EC0-301F-11D3-BF4B-00C04F79EFBC}") = "Shopping.Web", "WebApps\Shopping.Web\Shopping.Web.csproj", "{56BD8D3E-6A11-48CF-8F0C-24D1A136A782}"
EndProject
Global
	GlobalSection(SolutionConfigurationPlatforms) = preSolution
		Debug|Any CPU = Debug|Any CPU
		Release|Any CPU = Release|Any CPU
	EndGlobalSection
	GlobalSection(ProjectConfigurationPlatforms) = postSolution
		{45BEBA6D-E33D-4BA5-B6DC-4457F02CDC89}.Debug|Any CPU.ActiveCfg = Debug|Any CPU
		{45BEBA6D-E33D-4BA5-B6DC-4457F02CDC89}.Debug|Any CPU.Build.0 = Debug|Any CPU
		{45BEBA6D-E33D-4BA5-B6DC-4457F02CDC89}.Release|Any CPU.ActiveCfg = Release|Any CPU
		{45BEBA6D-E33D-4BA5-B6DC-4457F02CDC89}.Release|Any CPU.Build.0 = Release|Any CPU
		{FB35CAE1-E7B1-45DA-B945-243535156FB0}.Debug|Any CPU.ActiveCfg = Debug|Any CPU
		{FB35CAE1-E7B1-45DA-B945-243535156FB0}.Debug|Any CPU.Build.0 = Debug|Any CPU
		{FB35CAE1-E7B1-45DA-B945-243535156FB0}.Release|Any CPU.ActiveCfg = Release|Any CPU
		{FB35CAE1-E7B1-45DA-B945-243535156FB0}.Release|Any CPU.Build.0 = Release|Any CPU
		{81DDED9D-158B-E303-5F62-77A2896D2A5A}.Debug|Any CPU.ActiveCfg = Debug|Any CPU
		{81DDED9D-158B-E303-5F62-77A2896D2A5A}.Debug|Any CPU.Build.0 = Debug|Any CPU
		{81DDED9D-158B-E303-5F62-77A2896D2A5A}.Release|Any CPU.ActiveCfg = Release|Any CPU
		{81DDED9D-158B-E303-5F62-77A2896D2A5A}.Release|Any CPU.Build.0 = Release|Any CPU
		{A08B14E0-E58C-4CD5-9E06-D001A5A19960}.Debug|Any CPU.ActiveCfg = Debug|Any CPU
		{A08B14E0-E58C-4CD5-9E06-D001A5A19960}.Debug|Any CPU.Build.0 = Debug|Any CPU
		{A08B14E0-E58C-4CD5-9E06-D001A5A19960}.Release|Any CPU.ActiveCfg = Release|Any CPU
		{A08B14E0-E58C-4CD5-9E06-D001A5A19960}.Release|Any CPU.Build.0 = Release|Any CPU
		{812D7F3D-C105-4E18-91EE-7BE50ADB8556}.Debug|Any CPU.ActiveCfg = Debug|Any CPU
		{812D7F3D-C105-4E18-91EE-7BE50ADB8556}.Debug|Any CPU.Build.0 = Debug|Any CPU
		{812D7F3D-C105-4E18-91EE-7BE50ADB8556}.Release|Any CPU.ActiveCfg = Release|Any CPU
		{812D7F3D-C105-4E18-91EE-7BE50ADB8556}.Release|Any CPU.Build.0 = Release|Any CPU
		{5C61267D-DA53-475B-A6A5-02C1E270185B}.Debug|Any CPU.ActiveCfg = Debug|Any CPU
		{5C61267D-DA53-475B-A6A5-02C1E270185B}.Debug|Any CPU.Build.0 = Debug|Any CPU
		{5C61267D-DA53-475B-A6A5-02C1E270185B}.Release|Any CPU.ActiveCfg = Release|Any CPU
		{5C61267D-DA53-475B-A6A5-02C1E270185B}.Release|Any CPU.Build.0 = Release|Any CPU
		{D4C20358-0C88-4D9F-80A8-16A0B84199AF}.Debug|Any CPU.ActiveCfg = Debug|Any CPU
		{D4C20358-0C88-4D9F-80A8-16A0B84199AF}.Debug|Any CPU.Build.0 = Debug|Any CPU
		{D4C20358-0C88-4D9F-80A8-16A0B84199AF}.Release|Any CPU.ActiveCfg = Release|Any CPU
		{D4C20358-0C88-4D9F-80A8-16A0B84199AF}.Release|Any CPU.Build.0 = Release|Any CPU
		{7A587FCE-491E-448E-90BA-FDB72B125368}.Debug|Any CPU.ActiveCfg = Debug|Any CPU
		{7A587FCE-491E-448E-90BA-FDB72B125368}.Debug|Any CPU.Build.0 = Debug|Any CPU
		{7A587FCE-491E-448E-90BA-FDB72B125368}.Release|Any CPU.ActiveCfg = Release|Any CPU
		{7A587FCE-491E-448E-90BA-FDB72B125368}.Release|Any CPU.Build.0 = Release|Any CPU
		{52EE93FD-6E86-4B8E-97F0-4ED14FE06CA5}.Debug|Any CPU.ActiveCfg = Debug|Any CPU
		{52EE93FD-6E86-4B8E-97F0-4ED14FE06CA5}.Debug|Any CPU.Build.0 = Debug|Any CPU
		{52EE93FD-6E86-4B8E-97F0-4ED14FE06CA5}.Release|Any CPU.ActiveCfg = Release|Any CPU
		{52EE93FD-6E86-4B8E-97F0-4ED14FE06CA5}.Release|Any CPU.Build.0 = Release|Any CPU
		{9F937CB7-CF54-4F81-BD2F-9FB93EF0B164}.Debug|Any CPU.ActiveCfg = Debug|Any CPU
		{9F937CB7-CF54-4F81-BD2F-9FB93EF0B164}.Debug|Any CPU.Build.0 = Debug|Any CPU
		{9F937CB7-CF54-4F81-BD2F-9FB93EF0B164}.Release|Any CPU.ActiveCfg = Release|Any CPU
		{9F937CB7-CF54-4F81-BD2F-9FB93EF0B164}.Release|Any CPU.Build.0 = Release|Any CPU
		{A0A4A29E-E3F1-431E-9BBC-22A1464DE67C}.Debug|Any CPU.ActiveCfg = Debug|Any CPU
		{A0A4A29E-E3F1-431E-9BBC-22A1464DE67C}.Debug|Any CPU.Build.0 = Debug|Any CPU
		{A0A4A29E-E3F1-431E-9BBC-22A1464DE67C}.Release|Any CPU.ActiveCfg = Release|Any CPU
		{A0A4A29E-E3F1-431E-9BBC-22A1464DE67C}.Release|Any CPU.Build.0 = Release|Any CPU
		{56BD8D3E-6A11-48CF-8F0C-24D1A136A782}.Debug|Any CPU.ActiveCfg = Debug|Any CPU
		{56BD8D3E-6A11-48CF-8F0C-24D1A136A782}.Debug|Any CPU.Build.0 = Debug|Any CPU
		{56BD8D3E-6A11-48CF-8F0C-24D1A136A782}.Release|Any CPU.ActiveCfg = Release|Any CPU
		{56BD8D3E-6A11-48CF-8F0C-24D1A136A782}.Release|Any CPU.Build.0 = Release|Any CPU
	EndGlobalSection
	GlobalSection(SolutionProperties) = preSolution
		HideSolutionNode = FALSE
	EndGlobalSection
	GlobalSection(NestedProjects) = preSolution
		{018DD4DC-4846-448D-9DBC-1234F4069C93} = {02EA681E-C7D8-13C7-8484-4AC65E1B71E8}
		{45BEBA6D-E33D-4BA5-B6DC-4457F02CDC89} = {018DD4DC-4846-448D-9DBC-1234F4069C93}
		{FB35CAE1-E7B1-45DA-B945-243535156FB0} = {F55C2D96-FC0E-4ADE-A65F-E9A48D5B750D}
		{A7BCBAC6-676D-4F04-B0CE-A1E861F37968} = {02EA681E-C7D8-13C7-8484-4AC65E1B71E8}
		{A08B14E0-E58C-4CD5-9E06-D001A5A19960} = {A7BCBAC6-676D-4F04-B0CE-A1E861F37968}
		{221A7747-1F28-4560-837C-AF5E14959E04} = {02EA681E-C7D8-13C7-8484-4AC65E1B71E8}
		{812D7F3D-C105-4E18-91EE-7BE50ADB8556} = {221A7747-1F28-4560-837C-AF5E14959E04}
		{F8B01D7A-C386-4427-85E1-1199C293831A} = {02EA681E-C7D8-13C7-8484-4AC65E1B71E8}
		{5C61267D-DA53-475B-A6A5-02C1E270185B} = {F8B01D7A-C386-4427-85E1-1199C293831A}
		{D4C20358-0C88-4D9F-80A8-16A0B84199AF} = {F8B01D7A-C386-4427-85E1-1199C293831A}
		{7A587FCE-491E-448E-90BA-FDB72B125368} = {F8B01D7A-C386-4427-85E1-1199C293831A}
		{52EE93FD-6E86-4B8E-97F0-4ED14FE06CA5} = {F8B01D7A-C386-4427-85E1-1199C293831A}
		{9F937CB7-CF54-4F81-BD2F-9FB93EF0B164} = {F55C2D96-FC0E-4ADE-A65F-E9A48D5B750D}
		{A0A4A29E-E3F1-431E-9BBC-22A1464DE67C} = {55DD6585-2BCF-453F-825C-286CB111B52D}
		{56BD8D3E-6A11-48CF-8F0C-24D1A136A782} = {9F3565CB-9309-4D36-9748-A188AD19E7C6}
	EndGlobalSection
	GlobalSection(ExtensibilityGlobals) = postSolution
		SolutionGuid = {9A4685BD-26C4-4010-B79B-0D0D87C6D0EF}
	EndGlobalSection
EndGlobal
